
Microsoft Visual Studio Solution File, Format Version 12.00
# Visual Studio Version 17
VisualStudioVersion = 17.9.34728.123
MinimumVisualStudioVersion = 10.0.40219.1
Project("{8BC9CEB8-8B4A-11D0-8D11-00A0C91BC942}") = "TL2_01", "TL2_01.vcxproj", "{F4C3315E-3488-40EC-A34A-DA83EA1F2B68}"
EndProject
Global
	GlobalSection(SolutionConfigurationPlatforms) = preSolution
		Debug|x64 = Debug|x64
		Debug|x86 = Debug|x86
		Release|x64 = Release|x64
		Release|x86 = Release|x86
	EndGlobalSection
	GlobalSection(ProjectConfigurationPlatforms) = postSolution
		{F4C3315E-3488-40EC-A34A-DA83EA1F2B68}.Debug|x64.ActiveCfg = Debug|x64
		{F4C3315E-3488-40EC-A34A-DA83EA1F2B68}.Debug|x64.Build.0 = Debug|x64
		{F4C3315E-3488-40EC-A34A-DA83EA1F2B68}.Debug|x86.ActiveCfg = Debug|Win32
		{F4C3315E-3488-40EC-A34A-DA83EA1F2B68}.Debug|x86.Build.0 = Debug|Win32
		{F4C3315E-3488-40EC-A34A-DA83EA1F2B68}.Release|x64.ActiveCfg = Release|x64
		{F4C3315E-3488-40EC-A34A-DA83EA1F2B68}.Release|x64.Build.0 = Release|x64
		{F4C3315E-3488-40EC-A34A-DA83EA1F2B68}.Release|x86.ActiveCfg = Release|Win32
		{F4C3315E-3488-40EC-A34A-DA83EA1F2B68}.Release|x86.Build.0 = Release|Win32
	EndGlobalSection
	GlobalSection(SolutionProperties) = preSolution
		HideSolutionNode = FALSE
	EndGlobalSection
	GlobalSection(ExtensibilityGlobals) = postSolution
		SolutionGuid = {D387E5C2-EE91-4CDC-BA8A-2F707D1C6DCF}
	EndGlobalSection
EndGlobal
